github.com/bep/portable-hugo-links v0.5.4-0.20200324203706-e51b1ae7dbd7 h1:h4mlOOOMoXQLFmtZKyWgjydsrb3Wx3AkgMZ79TskkiA=
github.com/bep/portable-hugo-links v0.5.4-0.20200324203706-e51b1ae7dbd7/go.mod h1:THWnsWZWDsb4mF//7zPGPngV3N7HIOvIydJLClUvMRU=
github.com/pythonpune/website-theme v0.0.0-20210512175810-d7ed8c4215c5 h1:vdLq8rIpdkkgNXqrNeZH0YQwBWy8caPs3XD55vh7L6w=
github.com/pythonpune/website-theme v0.0.0-20210512175810-d7ed8c4215c5/go.mod h1:ozUPkIy5owDewB4t3wzjE/M8jVV54jpa58KiFxRlNO8=
